// !$*UTF8*$!
{
	archiveVersion = 1;
	classes = {
	};
	objectVersion = 50;
	objects = {

/* Begin PBXBuildFile section */
		550EED72258007FD00FE6D78 /* ahl.bas in CopyFiles */ = {isa = PBXBuildFile; fileRef = 550EED702580071200FE6D78 /* ahl.bas */; };
		550EED7525800B9E00FE6D78 /* sieve.bas in CopyFiles */ = {isa = PBXBuildFile; fileRef = 550EED7425800B8A00FE6D78 /* sieve.bas */; };
		5568AD6D240753E6001138F5 /* lunar.bas in CopyFiles */ = {isa = PBXBuildFile; fileRef = 5568AD6C240753C2001138F5 /* lunar.bas */; };
		5599AEFA239C0A6F00490A3A /* retrobasic.c in Sources */ = {isa = PBXBuildFile; fileRef = 5599AEF9239C0A6F00490A3A /* retrobasic.c */; };
		5599AEFE239C0ABF00490A3A /* scan.l in Sources */ = {isa = PBXBuildFile; fileRef = 5599AEFC239C0ABF00490A3A /* scan.l */; };
		55B3D421238E1BA700E6054E /* test.bas in CopyFiles */ = {isa = PBXBuildFile; fileRef = 55B3D420238E1B9900E6054E /* test.bas */; };
		55B3D42C23943EB100E6054E /* superstartrek.bas in CopyFiles */ = {isa = PBXBuildFile; fileRef = 55B3D42B23942C7200E6054E /* superstartrek.bas */; };
		55B9698C252F44E70021CD8B /* parse.y in Sources */ = {isa = PBXBuildFile; fileRef = 55B9698B252F44E70021CD8B /* parse.y */; };
/* End PBXBuildFile section */

/* Begin PBXCopyFilesBuildPhase section */
		55B3D40A238E051D00E6054E /* CopyFiles */ = {
			isa = PBXCopyFilesBuildPhase;
			buildActionMask = 12;
			dstPath = "";
			dstSubfolderSpec = 16;
			files = (
				550EED7525800B9E00FE6D78 /* sieve.bas in CopyFiles */,
				550EED72258007FD00FE6D78 /* ahl.bas in CopyFiles */,
				5568AD6D240753E6001138F5 /* lunar.bas in CopyFiles */,
				55B3D42C23943EB100E6054E /* superstartrek.bas in CopyFiles */,
				55B3D421238E1BA700E6054E /* test.bas in CopyFiles */,
			);
			runOnlyForDeploymentPostprocessing = 0;
		};
/* End PBXCopyFilesBuildPhase section */

/* Begin PBXFileReference section */
		550EED6E257AC4F300FE6D78 /* VERSIONS */ = {isa = PBXFileReference; lastKnownFileType = text; path = VERSIONS; sourceTree = "<group>"; };
		550EED702580071200FE6D78 /* ahl.bas */ = {isa = PBXFileReference; lastKnownFileType = text; path = ahl.bas; sourceTree = "<group>"; };
		550EED7425800B8A00FE6D78 /* sieve.bas */ = {isa = PBXFileReference; lastKnownFileType = text; path = sieve.bas; sourceTree = "<group>"; };
		5568AD6C240753C2001138F5 /* lunar.bas */ = {isa = PBXFileReference; fileEncoding = 4; lastKnownFileType = text; path = lunar.bas; sourceTree = "<group>"; };
		5577174C256AC0B1001E338F /* parse.h */ = {isa = PBXFileReference; lastKnownFileType = sourcecode.c.h; path = parse.h; sourceTree = "<group>"; };
		5599AEF8239C0A6E00490A3A /* retrobasic.h */ = {isa = PBXFileReference; fileEncoding = 4; lastKnownFileType = sourcecode.c.h; path = retrobasic.h; sourceTree = "<group>"; };
		5599AEF9239C0A6F00490A3A /* retrobasic.c */ = {isa = PBXFileReference; fileEncoding = 4; lastKnownFileType = sourcecode.c.c; path = retrobasic.c; sourceTree = "<group>"; };
		5599AEFB239C0A8800490A3A /* stdhdr.h */ = {isa = PBXFileReference; fileEncoding = 4; lastKnownFileType = sourcecode.c.h; path = stdhdr.h; sourceTree = "<group>"; };
		5599AEFC239C0ABF00490A3A /* scan.l */ = {isa = PBXFileReference; fileEncoding = 4; lastKnownFileType = sourcecode.lex; path = scan.l; sourceTree = "<group>"; };
		55B3D40C238E051D00E6054E /* retrobasic */ = {isa = PBXFileReference; explicitFileType = "compiled.mach-o.executable"; includeInIndex = 0; path = retrobasic; sourceTree = BUILT_PRODUCTS_DIR; };
		55B3D420238E1B9900E6054E /* test.bas */ = {isa = PBXFileReference; fileEncoding = 4; lastKnownFileType = text; path = test.bas; sourceTree = "<group>"; };
		55B3D427238EB43100E6054E /* pass-fail.txt */ = {isa = PBXFileReference; fileEncoding = 4; lastKnownFileType = text; path = "pass-fail.txt"; sourceTree = "<group>"; };
		55B3D428238EB43100E6054E /* TODO */ = {isa = PBXFileReference; fileEncoding = 4; lastKnownFileType = text; path = TODO; sourceTree = "<group>"; };
		55B3D429238EB43100E6054E /* README.md */ = {isa = PBXFileReference; fileEncoding = 4; lastKnownFileType = net.daringfireball.markdown; path = README.md; sourceTree = "<group>"; };
		55B3D42B23942C7200E6054E /* superstartrek.bas */ = {isa = PBXFileReference; lastKnownFileType = text; path = superstartrek.bas; sourceTree = "<group>"; };
		55B9698A252D26790021CD8B /* LICENCE */ = {isa = PBXFileReference; lastKnownFileType = text; path = LICENCE; sourceTree = "<group>"; };
		55B9698B252F44E70021CD8B /* parse.y */ = {isa = PBXFileReference; fileEncoding = 4; lastKnownFileType = sourcecode.yacc; path = parse.y; sourceTree = "<group>"; };
		55B96990252F4FCA0021CD8B /* makefile */ = {isa = PBXFileReference; lastKnownFileType = sourcecode.make; path = makefile; sourceTree = "<group>"; };
		55B96993252F5AB80021CD8B /* .gitignore */ = {isa = PBXFileReference; lastKnownFileType = text; path = .gitignore; sourceTree = "<group>"; };
/* End PBXFileReference section */

/* Begin PBXFrameworksBuildPhase section */
		55B3D409238E051D00E6054E /* Frameworks */ = {
			isa = PBXFrameworksBuildPhase;
			buildActionMask = 2147483647;
			files = (
			);
			runOnlyForDeploymentPostprocessing = 0;
		};
/* End PBXFrameworksBuildPhase section */

/* Begin PBXGroup section */
		55B3D403238E051D00E6054E = {
			isa = PBXGroup;
			children = (
				55B96990252F4FCA0021CD8B /* makefile */,
				55B3D429238EB43100E6054E /* README.md */,
				55B9698A252D26790021CD8B /* LICENCE */,
				55B3D41F238E1B4500E6054E /* doc */,
				55B3D40E238E051D00E6054E /* src */,
				55B96987252CC1D30021CD8B /* bas */,
				55B96992252F5A880021CD8B /* git */,
				55B9698F252F4F340021CD8B /* obj */,
				55B9698D252F4F080021CD8B /* bin */,
				55B3D40D238E051D00E6054E /* Products */,
			);
			sourceTree = "<group>";
			wrapsLines = 1;
		};
		55B3D40D238E051D00E6054E /* Products */ = {
			isa = PBXGroup;
			children = (
				55B3D40C238E051D00E6054E /* retrobasic */,
			);
			name = Products;
			sourceTree = "<group>";
		};
		55B3D40E238E051D00E6054E /* src */ = {
			isa = PBXGroup;
			children = (
				5599AEFB239C0A8800490A3A /* stdhdr.h */,
				5599AEFC239C0ABF00490A3A /* scan.l */,
				5577174C256AC0B1001E338F /* parse.h */,
				55B9698B252F44E70021CD8B /* parse.y */,
				5599AEF8239C0A6E00490A3A /* retrobasic.h */,
				5599AEF9239C0A6F00490A3A /* retrobasic.c */,
			);
			path = src;
			sourceTree = "<group>";
		};
		55B3D41F238E1B4500E6054E /* doc */ = {
			isa = PBXGroup;
			children = (
				550EED6E257AC4F300FE6D78 /* VERSIONS */,
				55B3D428238EB43100E6054E /* TODO */,
				55B3D427238EB43100E6054E /* pass-fail.txt */,
			);
			path = doc;
			sourceTree = "<group>";
		};
		55B96987252CC1D30021CD8B /* bas */ = {
			isa = PBXGroup;
			children = (
				55B3D420238E1B9900E6054E /* test.bas */,
				5568AD6C240753C2001138F5 /* lunar.bas */,
				55B3D42B23942C7200E6054E /* superstartrek.bas */,
				550EED702580071200FE6D78 /* ahl.bas */,
				550EED7425800B8A00FE6D78 /* sieve.bas */,
			);
			path = bas;
			sourceTree = "<group>";
		};
		55B9698D252F4F080021CD8B /* bin */ = {
			isa = PBXGroup;
			children = (
			);
			path = bin;
			sourceTree = "<group>";
		};
		55B9698F252F4F340021CD8B /* obj */ = {
			isa = PBXGroup;
			children = (
			);
			path = obj;
			sourceTree = "<group>";
		};
		55B96992252F5A880021CD8B /* git */ = {
			isa = PBXGroup;
			children = (
				55B96993252F5AB80021CD8B /* .gitignore */,
			);
			path = git;
			sourceTree = "<group>";
		};
/* End PBXGroup section */

/* Begin PBXNativeTarget section */
		55B3D40B238E051D00E6054E /* retrobasic */ = {
			isa = PBXNativeTarget;
			buildConfigurationList = 55B3D413238E051D00E6054E /* Build configuration list for PBXNativeTarget "retrobasic" */;
			buildPhases = (
				55B3D408238E051D00E6054E /* Sources */,
				55B3D409238E051D00E6054E /* Frameworks */,
				55B3D40A238E051D00E6054E /* CopyFiles */,
			);
			buildRules = (
			);
			dependencies = (
			);
			name = retrobasic;
			productName = RetroBASIC;
			productReference = 55B3D40C238E051D00E6054E /* retrobasic */;
			productType = "com.apple.product-type.tool";
		};
/* End PBXNativeTarget section */

/* Begin PBXProject section */
		55B3D404238E051D00E6054E /* Project object */ = {
			isa = PBXProject;
			attributes = {
				LastUpgradeCheck = 1200;
				ORGANIZATIONNAME = "Maury Markowitz";
				TargetAttributes = {
					55B3D40B238E051D00E6054E = {
						CreatedOnToolsVersion = 11.2;
					};
				};
			};
			buildConfigurationList = 55B3D407238E051D00E6054E /* Build configuration list for PBXProject "RetroBASIC" */;
			compatibilityVersion = "Xcode 9.3";
			developmentRegion = en;
			hasScannedForEncodings = 0;
			knownRegions = (
				en,
				Base,
			);
			mainGroup = 55B3D403238E051D00E6054E;
			productRefGroup = 55B3D40D238E051D00E6054E /* Products */;
			projectDirPath = "";
			projectRoot = "";
			targets = (
				55B3D40B238E051D00E6054E /* retrobasic */,
			);
		};
/* End PBXProject section */

/* Begin PBXSourcesBuildPhase section */
		55B3D408238E051D00E6054E /* Sources */ = {
			isa = PBXSourcesBuildPhase;
			buildActionMask = 2147483647;
			files = (
				55B9698C252F44E70021CD8B /* parse.y in Sources */,
				5599AEFA239C0A6F00490A3A /* retrobasic.c in Sources */,
				5599AEFE239C0ABF00490A3A /* scan.l in Sources */,
			);
			runOnlyForDeploymentPostprocessing = 0;
		};
/* End PBXSourcesBuildPhase section */

/* Begin XCBuildConfiguration section */
		55B3D411238E051D00E6054E /* Debug */ = {
			isa = XCBuildConfiguration;
			buildSettings = {
				ALWAYS_SEARCH_USER_PATHS = YES;
				CLANG_ANALYZER_NONNULL = YES;
				CLANG_ANALYZER_NUMBER_OBJECT_CONVERSION = YES_AGGRESSIVE;
				CLANG_CXX_LANGUAGE_STANDARD = "gnu++14";
				CLANG_CXX_LIBRARY = "libc++";
				CLANG_ENABLE_MODULES = YES;
				CLANG_ENABLE_OBJC_ARC = YES;
				CLANG_ENABLE_OBJC_WEAK = YES;
				CLANG_WARN_BLOCK_CAPTURE_AUTORELEASING = YES;
				CLANG_WARN_BOOL_CONVERSION = YES;
				CLANG_WARN_COMMA = YES;
				CLANG_WARN_CONSTANT_CONVERSION = YES;
				CLANG_WARN_DEPRECATED_OBJC_IMPLEMENTATIONS = YES;
				CLANG_WARN_DIRECT_OBJC_ISA_USAGE = YES_ERROR;
				CLANG_WARN_DOCUMENTATION_COMMENTS = NO;
				CLANG_WARN_EMPTY_BODY = YES;
				CLANG_WARN_ENUM_CONVERSION = YES;
				CLANG_WARN_INFINITE_RECURSION = YES;
				CLANG_WARN_INT_CONVERSION = YES;
				CLANG_WARN_NON_LITERAL_NULL_CONVERSION = YES;
				CLANG_WARN_OBJC_IMPLICIT_RETAIN_SELF = YES;
				CLANG_WARN_OBJC_LITERAL_CONVERSION = YES;
				CLANG_WARN_OBJC_ROOT_CLASS = YES_ERROR;
				CLANG_WARN_RANGE_LOOP_ANALYSIS = YES;
				CLANG_WARN_STRICT_PROTOTYPES = YES;
				CLANG_WARN_SUSPICIOUS_MOVE = YES;
				CLANG_WARN_UNGUARDED_AVAILABILITY = YES_AGGRESSIVE;
				CLANG_WARN_UNREACHABLE_CODE = YES;
				CLANG_WARN__DUPLICATE_METHOD_MATCH = YES;
				COPY_PHASE_STRIP = NO;
				DEBUG_INFORMATION_FORMAT = dwarf;
				ENABLE_STRICT_OBJC_MSGSEND = YES;
				ENABLE_TESTABILITY = YES;
				GCC_C_LANGUAGE_STANDARD = gnu11;
				GCC_DYNAMIC_NO_PIC = NO;
				GCC_NO_COMMON_BLOCKS = YES;
				GCC_OPTIMIZATION_LEVEL = 0;
				GCC_PREPROCESSOR_DEFINITIONS = (
					"DEBUG=1",
					"$(inherited)",
				);
				GCC_WARN_64_TO_32_BIT_CONVERSION = YES;
				GCC_WARN_ABOUT_RETURN_TYPE = YES_ERROR;
				GCC_WARN_UNDECLARED_SELECTOR = YES;
				GCC_WARN_UNINITIALIZED_AUTOS = YES_AGGRESSIVE;
				GCC_WARN_UNUSED_FUNCTION = YES;
				GCC_WARN_UNUSED_VARIABLE = YES;
				HEADER_SEARCH_PATHS = (
					"/usr/local/include/glib-2.0/**",
					"/usr/local/opt/glib/lib/glib-2.0/include",
				);
				LD_RUNPATH_SEARCH_PATHS = "";
				MACOSX_DEPLOYMENT_TARGET = 10.14;
				MTL_ENABLE_DEBUG_INFO = INCLUDE_SOURCE;
				MTL_FAST_MATH = YES;
				ONLY_ACTIVE_ARCH = YES;
				OTHER_LDFLAGS = (
					"/usr/local/opt/glib/lib/glib-2.0/include",
					"/usr/local/Cellar/glib/2.62.3/lib/glib-2.0/include/",
				);
				PRODUCT_NAME = retrobasic;
				SDKROOT = macosx;
			};
			name = Debug;
		};
		55B3D412238E051D00E6054E /* Release */ = {
			isa = XCBuildConfiguration;
			buildSettings = {
				ALWAYS_SEARCH_USER_PATHS = YES;
				CLANG_ANALYZER_NONNULL = YES;
				CLANG_ANALYZER_NUMBER_OBJECT_CONVERSION = YES_AGGRESSIVE;
				CLANG_CXX_LANGUAGE_STANDARD = "gnu++14";
				CLANG_CXX_LIBRARY = "libc++";
				CLANG_ENABLE_MODULES = YES;
				CLANG_ENABLE_OBJC_ARC = YES;
				CLANG_ENABLE_OBJC_WEAK = YES;
				CLANG_WARN_BLOCK_CAPTURE_AUTORELEASING = YES;
				CLANG_WARN_BOOL_CONVERSION = YES;
				CLANG_WARN_COMMA = YES;
				CLANG_WARN_CONSTANT_CONVERSION = YES;
				CLANG_WARN_DEPRECATED_OBJC_IMPLEMENTATIONS = YES;
				CLANG_WARN_DIRECT_OBJC_ISA_USAGE = YES_ERROR;
				CLANG_WARN_DOCUMENTATION_COMMENTS = NO;
				CLANG_WARN_EMPTY_BODY = YES;
				CLANG_WARN_ENUM_CONVERSION = YES;
				CLANG_WARN_INFINITE_RECURSION = YES;
				CLANG_WARN_INT_CONVERSION = YES;
				CLANG_WARN_NON_LITERAL_NULL_CONVERSION = YES;
				CLANG_WARN_OBJC_IMPLICIT_RETAIN_SELF = YES;
				CLANG_WARN_OBJC_LITERAL_CONVERSION = YES;
				CLANG_WARN_OBJC_ROOT_CLASS = YES_ERROR;
				CLANG_WARN_RANGE_LOOP_ANALYSIS = YES;
				CLANG_WARN_STRICT_PROTOTYPES = YES;
				CLANG_WARN_SUSPICIOUS_MOVE = YES;
				CLANG_WARN_UNGUARDED_AVAILABILITY = YES_AGGRESSIVE;
				CLANG_WARN_UNREACHABLE_CODE = YES;
				CLANG_WARN__DUPLICATE_METHOD_MATCH = YES;
				COPY_PHASE_STRIP = NO;
				DEBUG_INFORMATION_FORMAT = "dwarf-with-dsym";
				ENABLE_NS_ASSERTIONS = NO;
				ENABLE_STRICT_OBJC_MSGSEND = YES;
				GCC_C_LANGUAGE_STANDARD = gnu11;
				GCC_NO_COMMON_BLOCKS = YES;
				GCC_WARN_64_TO_32_BIT_CONVERSION = YES;
				GCC_WARN_ABOUT_RETURN_TYPE = YES_ERROR;
				GCC_WARN_UNDECLARED_SELECTOR = YES;
				GCC_WARN_UNINITIALIZED_AUTOS = YES_AGGRESSIVE;
				GCC_WARN_UNUSED_FUNCTION = YES;
				GCC_WARN_UNUSED_VARIABLE = YES;
				HEADER_SEARCH_PATHS = (
					"/usr/local/include/glib-2.0/**",
					"/usr/local/opt/glib/lib/glib-2.0/include",
				);
				LD_RUNPATH_SEARCH_PATHS = "";
				MACOSX_DEPLOYMENT_TARGET = 10.14;
				MTL_ENABLE_DEBUG_INFO = NO;
				MTL_FAST_MATH = YES;
				OTHER_LDFLAGS = (
					"/usr/local/opt/glib/lib/glib-2.0/include",
					"/usr/local/Cellar/glib/2.62.3/lib/glib-2.0/include/",
				);
				PRODUCT_NAME = retrobasic;
				SDKROOT = macosx;
			};
			name = Release;
		};
		55B3D414238E051D00E6054E /* Debug */ = {
			isa = XCBuildConfiguration;
			buildSettings = {
				APPLY_RULES_IN_COPY_HEADERS = YES;
				CODE_SIGN_STYLE = Manual;
				HEADER_SEARCH_PATHS = (
					"/usr/local/Cellar/glib/2.62.3/lib/glib-2.0/include/**",
					"/usr/local/include/glib-2.0/**",
				);
				LD_RUNPATH_SEARCH_PATHS = "";
				LIBRARY_SEARCH_PATHS = "";
				OTHER_LDFLAGS = "/usr/local/opt/glib/lib/libglib-2.0.dylib";
				PRODUCT_NAME = "$(TARGET_NAME)";
				YACCFLAGS = "";
				YACC_GENERATE_DEBUGGING_DIRECTIVES = NO;
			};
			name = Debug;
		};
		55B3D415238E051D00E6054E /* Release */ = {
			isa = XCBuildConfiguration;
			buildSettings = {
				APPLY_RULES_IN_COPY_HEADERS = YES;
				CODE_SIGN_STYLE = Manual;
				HEADER_SEARCH_PATHS = (
					"/usr/local/Cellar/glib/2.62.3/lib/glib-2.0/include/**",
					"/usr/local/include/glib-2.0/**",
				);
				LD_RUNPATH_SEARCH_PATHS = "";
				LIBRARY_SEARCH_PATHS = "";
				OTHER_LDFLAGS = "/usr/local/opt/glib/lib/libglib-2.0.dylib";
				PRODUCT_NAME = "$(TARGET_NAME)";
				YACCFLAGS = "";
				YACC_GENERATE_DEBUGGING_DIRECTIVES = NO;
			};
			name = Release;
		};
/* End XCBuildConfiguration section */

/* Begin XCConfigurationList section */
		55B3D407238E051D00E6054E /* Build configuration list for PBXProject "RetroBASIC" */ = {
			isa = XCConfigurationList;
			buildConfigurations = (
				55B3D411238E051D00E6054E /* Debug */,
				55B3D412238E051D00E6054E /* Release */,
			);
			defaultConfigurationIsVisible = 0;
			defaultConfigurationName = Release;
		};
		55B3D413238E051D00E6054E /* Build configuration list for PBXNativeTarget "retrobasic" */ = {
			isa = XCConfigurationList;
			buildConfigurations = (
				55B3D414238E051D00E6054E /* Debug */,
				55B3D415238E051D00E6054E /* Release */,
			);
			defaultConfigurationIsVisible = 0;
			defaultConfigurationName = Release;
		};
/* End XCConfigurationList section */
	};
	rootObject = 55B3D404238E051D00E6054E /* Project object */;
}
